<?xml version="1.0" encoding="utf-8"?>
<Project ToolsVersion="4.0" xmlns="http://schemas.microsoft.com/developer/msbuild/2003">
  <ItemGroup>
    <Filter Include="commonItems">
      <UniqueIdentifier>{569e5cb7-b294-4ea8-991d-ba24d2e9c236}</UniqueIdentifier>
    </Filter>
    <Filter Include="commonItems\Localization">
      <UniqueIdentifier>{5e9fa605-7e0b-42ab-9583-fce44952fd6f}</UniqueIdentifier>
    </Filter>
    <Filter Include="commonItems\ModLoader">
      <UniqueIdentifier>{bc3a345e-6dbd-4b20-9be5-31bb5765758f}</UniqueIdentifier>
    </Filter>
  </ItemGroup>
  <ItemGroup>
    <ClCompile Include="..\BulkParser.cpp">
      <Filter>commonItems</Filter>
    </ClCompile>
    <ClCompile Include="..\Color.cpp">
      <Filter>commonItems</Filter>
    </ClCompile>
    <ClCompile Include="..\CommonFunctions.cpp">
      <Filter>commonItems</Filter>
    </ClCompile>
    <ClCompile Include="..\ConvenientParser.cpp">
      <Filter>commonItems</Filter>
    </ClCompile>
    <ClCompile Include="..\ConverterVersion.cpp">
      <Filter>commonItems</Filter>
    </ClCompile>
    <ClCompile Include="..\Date.cpp">
      <Filter>commonItems</Filter>
    </ClCompile>
    <ClCompile Include="..\GameVersion.cpp">
      <Filter>commonItems</Filter>
    </ClCompile>
    <ClCompile Include="..\iconvlite.cpp">
      <Filter>commonItems</Filter>
    </ClCompile>
    <ClCompile Include="..\LinuxUtils.cpp">
      <Filter>commonItems</Filter>
    </ClCompile>
    <ClCompile Include="..\Log.cpp">
      <Filter>commonItems</Filter>
    </ClCompile>
    <ClCompile Include="..\OSCommonLayer.cpp">
      <Filter>commonItems</Filter>
    </ClCompile>
    <ClCompile Include="..\Parser.cpp">
      <Filter>commonItems</Filter>
    </ClCompile>
    <ClCompile Include="..\ParserHelpers.cpp">
      <Filter>commonItems</Filter>
    </ClCompile>
    <ClCompile Include="..\StringUtils.cpp">
      <Filter>commonItems</Filter>
    </ClCompile>
    <ClCompile Include="..\targa.cpp">
      <Filter>commonItems</Filter>
    </ClCompile>
    <ClCompile Include="..\WinUtils.cpp">
      <Filter>commonItems</Filter>
    </ClCompile>
    <ClCompile Include="..\Localization\LocalizationBlock.cpp">
      <Filter>commonItems\Localization</Filter>
    </ClCompile>
    <ClCompile Include="..\Localization\LocalizationDatabase.cpp">
      <Filter>commonItems\Localization</Filter>
    </ClCompile>
    <ClCompile Include="..\ModLoader\ModFilesystem.cpp">
      <Filter>commonItems\ModLoader</Filter>
    </ClCompile>
    <ClCompile Include="..\ModLoader\ModLoader.cpp">
      <Filter>commonItems\ModLoader</Filter>
    </ClCompile>
    <ClCompile Include="..\ModLoader\ModParser.cpp">
      <Filter>commonItems\ModLoader</Filter>
    </ClCompile>
  </ItemGroup>
  <ItemGroup>
    <ClInclude Include="..\BulkParser.h">
      <Filter>commonItems</Filter>
    </ClInclude>
    <ClInclude Include="..\Color.h">
      <Filter>commonItems</Filter>
    </ClInclude>
    <ClInclude Include="..\CommonFunctions.h">
      <Filter>commonItems</Filter>
    </ClInclude>
    <ClInclude Include="..\CommonRegexes.h">
      <Filter>commonItems</Filter>
    </ClInclude>
    <ClInclude Include="..\ConvenientParser.h">
      <Filter>commonItems</Filter>
    </ClInclude>
    <ClInclude Include="..\ConverterVersion.h">
      <Filter>commonItems</Filter>
    </ClInclude>
    <ClInclude Include="..\Date.h">
      <Filter>commonItems</Filter>
    </ClInclude>
    <ClInclude Include="..\GameVersion.h">
      <Filter>commonItems</Filter>
    </ClInclude>
    <ClInclude Include="..\iconvlite.h">
      <Filter>commonItems</Filter>
    </ClInclude>
    <ClInclude Include="..\Log.h">
      <Filter>commonItems</Filter>
    </ClInclude>
    <ClInclude Include="..\OSCompatibilityLayer.h">
      <Filter>commonItems</Filter>
    </ClInclude>
    <ClInclude Include="..\Parser.h">
      <Filter>commonItems</Filter>
    </ClInclude>
    <ClInclude Include="..\ParserHelpers.h">
      <Filter>commonItems</Filter>
    </ClInclude>
    <ClInclude Include="..\StringUtils.h">
      <Filter>commonItems</Filter>
    </ClInclude>
    <ClInclude Include="..\targa.h">
      <Filter>commonItems</Filter>
    </ClInclude>
    <ClInclude Include="..\Localization\LocalizationBlock.h">
      <Filter>commonItems\Localization</Filter>
    </ClInclude>
    <ClInclude Include="..\Localization\LocalizationDatabase.h">
      <Filter>commonItems\Localization</Filter>
    </ClInclude>
    <ClInclude Include="..\Localization\LocalizationLambdas.h">
      <Filter>commonItems\Localization</Filter>
    </ClInclude>
    <ClInclude Include="..\ModLoader\Mod.h">
      <Filter>commonItems\ModLoader</Filter>
    </ClInclude>
    <ClInclude Include="..\ModLoader\ModFilesystem.h">
      <Filter>commonItems\ModLoader</Filter>
    </ClInclude>
    <ClInclude Include="..\ModLoader\ModLoader.h">
      <Filter>commonItems\ModLoader</Filter>
    </ClInclude>
    <ClInclude Include="..\ModLoader\ModParser.h">
      <Filter>commonItems\ModLoader</Filter>
    </ClInclude>
  </ItemGroup>
  <ItemGroup>
    <None Include="..\README.md">
      <Filter>commonItems</Filter>
    </None>
  </ItemGroup>
</Project>