<?xml version="1.0" encoding="utf-8"?>
<Project ToolsVersion="4.0" xmlns="http://schemas.microsoft.com/developer/msbuild/2003">
  <ItemGroup>
    <Filter Include="gtest">
      <UniqueIdentifier>{90eb0a55-daf5-48e4-a14e-4557e1eb41be}</UniqueIdentifier>
    </Filter>
    <Filter Include="tests">
      <UniqueIdentifier>{d4597ca3-2edb-4fc8-b7ea-befa00db4f1e}</UniqueIdentifier>
    </Filter>
    <Filter Include="commonItems">
      <UniqueIdentifier>{d6b616bc-070f-4813-8376-a00f5f4e6b0e}</UniqueIdentifier>
    </Filter>
  </ItemGroup>
  <ItemGroup>
    <ClCompile Include="googletest\googletest\src\gtest_main.cc">
      <Filter>gtest</Filter>
    </ClCompile>
    <ClCompile Include="googletest\googletest\src\gtest-all.cc">
      <Filter>gtest</Filter>
    </ClCompile>
    <ClCompile Include="..\Log.cpp">
      <Filter>commonItems</Filter>
    </ClCompile>
    <ClCompile Include="..\WinUtils.cpp">
      <Filter>commonItems</Filter>
    </ClCompile>
    <ClCompile Include="..\iconvlite.cpp">
      <Filter>commonItems</Filter>
    </ClCompile>
    <ClCompile Include="..\ParserHelpers.cpp">
      <Filter>commonItems</Filter>
    </ClCompile>
    <ClCompile Include="..\Date.cpp">
      <Filter>commonItems</Filter>
    </ClCompile>
    <ClCompile Include="DateTests.cpp">
      <Filter>tests</Filter>
    </ClCompile>
    <ClCompile Include="iconvliteTests.cpp">
      <Filter>tests</Filter>
    </ClCompile>
    <ClCompile Include="LogTests.cpp">
      <Filter>tests</Filter>
    </ClCompile>
    <ClCompile Include="..\Parser.cpp">
      <Filter>commonItems</Filter>
    </ClCompile>
    <ClCompile Include="ParserTests.cpp">
      <Filter>tests</Filter>
    </ClCompile>
    <ClCompile Include="ParserHelperTests.cpp">
      <Filter>tests</Filter>
    </ClCompile>
    <ClCompile Include="..\StringUtils.cpp">
      <Filter>commonItems</Filter>
    </ClCompile>
    <ClCompile Include="StringUtilsTests.cpp">
      <Filter>tests</Filter>
    </ClCompile>
    <ClCompile Include="OSCompatibilityLayerTests.cpp">
      <Filter>tests</Filter>
    </ClCompile>
    <ClCompile Include="..\GameVersion.cpp">
      <Filter>commonItems</Filter>
    </ClCompile>
    <ClCompile Include="GameVersionTests.cpp">
      <Filter>tests</Filter>
    </ClCompile>
    <ClCompile Include="..\CommonFunctions.cpp">
      <Filter>commonItems</Filter>
    </ClCompile>
    <ClCompile Include="CommonFunctionsTests.cpp">
      <Filter>tests</Filter>
    </ClCompile>
    <ClCompile Include="..\OSCommonLayer.cpp">
      <Filter>commonItems</Filter>
    </ClCompile>
    <ClCompile Include="..\Color.cpp">
      <Filter>commonItems</Filter>
    </ClCompile>
    <ClCompile Include="ColorTests.cpp">
      <Filter>tests</Filter>
    </ClCompile>
  </ItemGroup>
  <ItemGroup>
    <ClInclude Include="..\Log.h">
      <Filter>commonItems</Filter>
    </ClInclude>
    <ClInclude Include="..\OSCompatibilityLayer.h">
      <Filter>commonItems</Filter>
    </ClInclude>
    <ClInclude Include="..\iconvlite.h">
      <Filter>commonItems</Filter>
    </ClInclude>
    <ClInclude Include="..\ParserHelpers.h">
      <Filter>commonItems</Filter>
    </ClInclude>
    <ClInclude Include="..\Date.h">
      <Filter>commonItems</Filter>
    </ClInclude>
    <ClInclude Include="..\Parser.h">
      <Filter>commonItems</Filter>
    </ClInclude>
    <ClInclude Include="..\StringUtils.h">
      <Filter>commonItems</Filter>
    </ClInclude>
    <ClInclude Include="..\GameVersion.h">
      <Filter>commonItems</Filter>
    </ClInclude>
    <ClInclude Include="..\CommonFunctions.h">
      <Filter>commonItems</Filter>
    </ClInclude>
    <ClInclude Include="..\Color.h">
      <Filter>commonItems</Filter>
    </ClInclude>
  </ItemGroup>
</Project>