<?xml version="1.0" encoding="utf-8"?>
<Project ToolsVersion="4.0" xmlns="http://schemas.microsoft.com/developer/msbuild/2003">
  <ItemGroup>
    <Filter Include="gtest">
      <UniqueIdentifier>{90eb0a55-daf5-48e4-a14e-4557e1eb41be}</UniqueIdentifier>
    </Filter>
    <Filter Include="tests">
      <UniqueIdentifier>{d4597ca3-2edb-4fc8-b7ea-befa00db4f1e}</UniqueIdentifier>
    </Filter>
    <Filter Include="TestFiles">
      <UniqueIdentifier>{4c7f9845-860d-462c-96fc-5f8db590be36}</UniqueIdentifier>
    </Filter>
    <Filter Include="TestFiles\mod">
      <UniqueIdentifier>{ee98048f-a7ba-415f-bfd2-cc09798c15ab}</UniqueIdentifier>
    </Filter>
    <Filter Include="TestFiles\mod\themod">
      <UniqueIdentifier>{0ab2f948-1235-421f-9e48-1db612144979}</UniqueIdentifier>
    </Filter>
    <Filter Include="TestFiles\mod\themod\common">
      <UniqueIdentifier>{62ab09e0-7a7d-444b-a7f7-b996cfa6c71d}</UniqueIdentifier>
    </Filter>
    <Filter Include="TestFiles\mod\themod\common\countries">
      <UniqueIdentifier>{c832cb1f-e2b2-414e-b157-76775af56c20}</UniqueIdentifier>
    </Filter>
    <Filter Include="TestFiles\mod\themod\common\country_tags">
      <UniqueIdentifier>{f3e1a059-c38b-404e-8f00-dad1ab54081a}</UniqueIdentifier>
    </Filter>
    <Filter Include="TestFiles\ModFilesystem">
      <UniqueIdentifier>{ebc37c7a-e2b1-434b-ad67-5dc0906e3b52}</UniqueIdentifier>
    </Filter>
    <Filter Include="TestFiles\ModFilesystem\GetActualFileLocation">
      <UniqueIdentifier>{ef9a9976-f2bd-42b2-8c23-c6c188620b13}</UniqueIdentifier>
    </Filter>
    <Filter Include="TestFiles\ModFilesystem\GetActualFileLocation\game_root">
      <UniqueIdentifier>{1c1c0a01-6a04-41f5-aa05-b32fd4eea0a7}</UniqueIdentifier>
    </Filter>
    <Filter Include="TestFiles\ModFilesystem\GetActualFileLocation\mod_one">
      <UniqueIdentifier>{5ab7a2c1-e131-4f49-bac2-227ab50ebd0b}</UniqueIdentifier>
    </Filter>
    <Filter Include="TestFiles\ModFilesystem\GetActualFileLocation\mod_two">
      <UniqueIdentifier>{0b6eea94-8d36-4637-b4eb-f74f5a3957da}</UniqueIdentifier>
    </Filter>
    <Filter Include="TestFiles\ModFilesystem\GetActualFileLocation\game_root\test_folder">
      <UniqueIdentifier>{ac2ca689-1fe3-4b1e-8870-25aa8dac2b53}</UniqueIdentifier>
    </Filter>
    <Filter Include="TestFiles\ModFilesystem\GetActualFileLocation\mod_one\test_folder">
      <UniqueIdentifier>{83df2c0a-2d48-400a-ae99-e3a4eb1b6f92}</UniqueIdentifier>
    </Filter>
    <Filter Include="TestFiles\ModFilesystem\GetActualFileLocation\mod_two\test_folder">
      <UniqueIdentifier>{95e5c08d-50db-4a6f-9e93-8b0d08af5919}</UniqueIdentifier>
    </Filter>
    <Filter Include="TestFiles\ModFilesystem\GetActualFileLocation\game_root\test_folder\deeper_folder">
      <UniqueIdentifier>{9c070536-2b31-49d3-b450-d235da6257ff}</UniqueIdentifier>
    </Filter>
    <Filter Include="TestFiles\ModFilesystem\GetActualFileLocation\mod_one\test_folder\deeper_folder">
      <UniqueIdentifier>{4a574554-8b5f-406a-b2c9-9f0d8301c459}</UniqueIdentifier>
    </Filter>
    <Filter Include="TestFiles\ModFilesystem\GetActualFileLocation\mod_two\test_folder\deeper_folder">
      <UniqueIdentifier>{38888e23-f2c6-47a3-bb38-90da61ccd799}</UniqueIdentifier>
    </Filter>
    <Filter Include="TestFiles\ModFilesystem\GetActualFileLocation\game_root\test_folder\game_folder">
      <UniqueIdentifier>{08ed3746-6a63-4ba6-a661-b600fc207632}</UniqueIdentifier>
    </Filter>
    <Filter Include="TestFiles\ModFilesystem\GetActualFileLocation\mod_one\test_folder\mod_one_folder">
      <UniqueIdentifier>{a5b34d88-93ea-4b53-9835-3fdba475a56b}</UniqueIdentifier>
    </Filter>
    <Filter Include="TestFiles\ModFilesystem\GetActualFileLocation\mod_two\test_folder\mod_two_folder">
      <UniqueIdentifier>{9f3c9031-a300-433f-8ced-a56b49125bbc}</UniqueIdentifier>
    </Filter>
    <Filter Include="tests\Localization">
      <UniqueIdentifier>{2b71081d-5abb-4039-a19f-168a026762aa}</UniqueIdentifier>
    </Filter>
  </ItemGroup>
  <ItemGroup>
    <ClCompile Include="DateTests.cpp">
      <Filter>tests</Filter>
    </ClCompile>
    <ClCompile Include="iconvliteTests.cpp">
      <Filter>tests</Filter>
    </ClCompile>
    <ClCompile Include="LogTests.cpp">
      <Filter>tests</Filter>
    </ClCompile>
    <ClCompile Include="ParserTests.cpp">
      <Filter>tests</Filter>
    </ClCompile>
    <ClCompile Include="ParserHelperTests.cpp">
      <Filter>tests</Filter>
    </ClCompile>
    <ClCompile Include="StringUtilsTests.cpp">
      <Filter>tests</Filter>
    </ClCompile>
    <ClCompile Include="OSCompatibilityLayerTests.cpp">
      <Filter>tests</Filter>
    </ClCompile>
    <ClCompile Include="GameVersionTests.cpp">
      <Filter>tests</Filter>
    </ClCompile>
    <ClCompile Include="CommonFunctionsTests.cpp">
      <Filter>tests</Filter>
    </ClCompile>
    <ClCompile Include="ColorTests.cpp">
      <Filter>tests</Filter>
    </ClCompile>
    <ClCompile Include="ConvenientParserTests.cpp">
      <Filter>tests</Filter>
    </ClCompile>
    <ClCompile Include="ConverterVersionTests.cpp">
      <Filter>tests</Filter>
    </ClCompile>
    <ClCompile Include="ModLoaderTests.cpp">
      <Filter>tests</Filter>
    </ClCompile>
    <ClCompile Include="ModParserTests.cpp">
      <Filter>tests</Filter>
    </ClCompile>
    <ClCompile Include="ModFilesystemTests.cpp">
      <Filter>tests</Filter>
    </ClCompile>
    <ClCompile Include="CommonRegexesTests.cpp">
      <Filter>tests</Filter>
    </ClCompile>
    <ClCompile Include="Localization\LocalizationBlockTests.cpp">
      <Filter>tests\Localization</Filter>
    </ClCompile>
    <ClCompile Include="Localization\LocalizationDatabaseTests.cpp">
      <Filter>tests\Localization</Filter>
    </ClCompile>
    <ClCompile Include="..\external\googletest\googletest\src\gtest_main.cc">
      <Filter>gtest</Filter>
    </ClCompile>
    <ClCompile Include="..\external\googletest\googletest\src\gtest-all.cc">
      <Filter>gtest</Filter>
    </ClCompile>
    <ClCompile Include="..\external\googletest\googlemock\src\gmock-all.cc">
      <Filter>gtest</Filter>
    </ClCompile>
  </ItemGroup>
  <ItemGroup>
    <CopyFileToFolders Include="TestFiles\version.txt">
      <Filter>TestFiles</Filter>
    </CopyFileToFolders>
  </ItemGroup>
</Project>